
Microsoft Visual Studio Solution File, Format Version 12.00
# Visual Studio Version 16
VisualStudioVersion = 16.0.29613.14
MinimumVisualStudioVersion = 10.0.40219.1
Project("{8BC9CEB8-8B4A-11D0-8D11-00A0C91BC942}") = "물놀이", "물놀이.vcxproj", "{CFA4DF16-E5FC-49ED-B910-FE9E97535C95}"
EndProject
Global
	GlobalSection(SolutionConfigurationPlatforms) = preSolution
		Debug|x64 = Debug|x64
		Debug|x86 = Debug|x86
		Release|x64 = Release|x64
		Release|x86 = Release|x86
	EndGlobalSection
	GlobalSection(ProjectConfigurationPlatforms) = postSolution
		{CFA4DF16-E5FC-49ED-B910-FE9E97535C95}.Debug|x64.ActiveCfg = Debug|x64
		{CFA4DF16-E5FC-49ED-B910-FE9E97535C95}.Debug|x64.Build.0 = Debug|x64
		{CFA4DF16-E5FC-49ED-B910-FE9E97535C95}.Debug|x86.ActiveCfg = Debug|Win32
		{CFA4DF16-E5FC-49ED-B910-FE9E97535C95}.Debug|x86.Build.0 = Debug|Win32
		{CFA4DF16-E5FC-49ED-B910-FE9E97535C95}.Release|x64.ActiveCfg = Release|x64
		{CFA4DF16-E5FC-49ED-B910-FE9E97535C95}.Release|x64.Build.0 = Release|x64
		{CFA4DF16-E5FC-49ED-B910-FE9E97535C95}.Release|x86.ActiveCfg = Release|Win32
		{CFA4DF16-E5FC-49ED-B910-FE9E97535C95}.Release|x86.Build.0 = Release|Win32
	EndGlobalSection
	GlobalSection(SolutionProperties) = preSolution
		HideSolutionNode = FALSE
	EndGlobalSection
	GlobalSection(ExtensibilityGlobals) = postSolution
		SolutionGuid = {5F352AE4-6D10-42DC-BC60-A3EBBE28D1C9}
	EndGlobalSection
EndGlobal
