
Microsoft Visual Studio Solution File, Format Version 12.00
# Visual Studio 15
VisualStudioVersion = 15.0.28010.2026
MinimumVisualStudioVersion = 10.0.40219.1
Project("{8BC9CEB8-8B4A-11D0-8D11-00A0C91BC942}") = "11057", "11057\11057.vcxproj", "{02093E4E-063D-432A-A09C-C6484AC10C83}"
EndProject
Global
	GlobalSection(SolutionConfigurationPlatforms) = preSolution
		Debug|x64 = Debug|x64
		Debug|x86 = Debug|x86
		Release|x64 = Release|x64
		Release|x86 = Release|x86
	EndGlobalSection
	GlobalSection(ProjectConfigurationPlatforms) = postSolution
		{02093E4E-063D-432A-A09C-C6484AC10C83}.Debug|x64.ActiveCfg = Debug|x64
		{02093E4E-063D-432A-A09C-C6484AC10C83}.Debug|x64.Build.0 = Debug|x64
		{02093E4E-063D-432A-A09C-C6484AC10C83}.Debug|x86.ActiveCfg = Debug|Win32
		{02093E4E-063D-432A-A09C-C6484AC10C83}.Debug|x86.Build.0 = Debug|Win32
		{02093E4E-063D-432A-A09C-C6484AC10C83}.Release|x64.ActiveCfg = Release|x64
		{02093E4E-063D-432A-A09C-C6484AC10C83}.Release|x64.Build.0 = Release|x64
		{02093E4E-063D-432A-A09C-C6484AC10C83}.Release|x86.ActiveCfg = Release|Win32
		{02093E4E-063D-432A-A09C-C6484AC10C83}.Release|x86.Build.0 = Release|Win32
	EndGlobalSection
	GlobalSection(SolutionProperties) = preSolution
		HideSolutionNode = FALSE
	EndGlobalSection
	GlobalSection(ExtensibilityGlobals) = postSolution
		SolutionGuid = {28AE0752-95DA-46CA-9810-D2DEB59F73E9}
	EndGlobalSection
EndGlobal
