
Microsoft Visual Studio Solution File, Format Version 12.00
# Visual Studio 15
VisualStudioVersion = 15.0.28010.2026
MinimumVisualStudioVersion = 10.0.40219.1
Project("{8BC9CEB8-8B4A-11D0-8D11-00A0C91BC942}") = "11559", "11559\11559.vcxproj", "{943890CF-5DDB-47E8-8680-6CB39FCBA81F}"
EndProject
Global
	GlobalSection(SolutionConfigurationPlatforms) = preSolution
		Debug|x64 = Debug|x64
		Debug|x86 = Debug|x86
		Release|x64 = Release|x64
		Release|x86 = Release|x86
	EndGlobalSection
	GlobalSection(ProjectConfigurationPlatforms) = postSolution
		{943890CF-5DDB-47E8-8680-6CB39FCBA81F}.Debug|x64.ActiveCfg = Debug|x64
		{943890CF-5DDB-47E8-8680-6CB39FCBA81F}.Debug|x64.Build.0 = Debug|x64
		{943890CF-5DDB-47E8-8680-6CB39FCBA81F}.Debug|x86.ActiveCfg = Debug|Win32
		{943890CF-5DDB-47E8-8680-6CB39FCBA81F}.Debug|x86.Build.0 = Debug|Win32
		{943890CF-5DDB-47E8-8680-6CB39FCBA81F}.Release|x64.ActiveCfg = Release|x64
		{943890CF-5DDB-47E8-8680-6CB39FCBA81F}.Release|x64.Build.0 = Release|x64
		{943890CF-5DDB-47E8-8680-6CB39FCBA81F}.Release|x86.ActiveCfg = Release|Win32
		{943890CF-5DDB-47E8-8680-6CB39FCBA81F}.Release|x86.Build.0 = Release|Win32
	EndGlobalSection
	GlobalSection(SolutionProperties) = preSolution
		HideSolutionNode = FALSE
	EndGlobalSection
	GlobalSection(ExtensibilityGlobals) = postSolution
		SolutionGuid = {4A37E347-9821-414F-A1B6-11B7C4181BE4}
	EndGlobalSection
EndGlobal
