
Microsoft Visual Studio Solution File, Format Version 12.00
# Visual Studio 15
VisualStudioVersion = 15.0.28010.2026
MinimumVisualStudioVersion = 10.0.40219.1
Project("{8BC9CEB8-8B4A-11D0-8D11-00A0C91BC942}") = "2662", "2662\2662.vcxproj", "{CAAC4247-2932-45FA-999D-1CE80557F38C}"
EndProject
Global
	GlobalSection(SolutionConfigurationPlatforms) = preSolution
		Debug|x64 = Debug|x64
		Debug|x86 = Debug|x86
		Release|x64 = Release|x64
		Release|x86 = Release|x86
	EndGlobalSection
	GlobalSection(ProjectConfigurationPlatforms) = postSolution
		{CAAC4247-2932-45FA-999D-1CE80557F38C}.Debug|x64.ActiveCfg = Debug|x64
		{CAAC4247-2932-45FA-999D-1CE80557F38C}.Debug|x64.Build.0 = Debug|x64
		{CAAC4247-2932-45FA-999D-1CE80557F38C}.Debug|x86.ActiveCfg = Debug|Win32
		{CAAC4247-2932-45FA-999D-1CE80557F38C}.Debug|x86.Build.0 = Debug|Win32
		{CAAC4247-2932-45FA-999D-1CE80557F38C}.Release|x64.ActiveCfg = Release|x64
		{CAAC4247-2932-45FA-999D-1CE80557F38C}.Release|x64.Build.0 = Release|x64
		{CAAC4247-2932-45FA-999D-1CE80557F38C}.Release|x86.ActiveCfg = Release|Win32
		{CAAC4247-2932-45FA-999D-1CE80557F38C}.Release|x86.Build.0 = Release|Win32
	EndGlobalSection
	GlobalSection(SolutionProperties) = preSolution
		HideSolutionNode = FALSE
	EndGlobalSection
	GlobalSection(ExtensibilityGlobals) = postSolution
		SolutionGuid = {25846EA6-CA7B-40B0-AA48-876AF11BEA4D}
	EndGlobalSection
EndGlobal
