
Microsoft Visual Studio Solution File, Format Version 12.00
# Visual Studio 15
VisualStudioVersion = 15.0.28010.2003
MinimumVisualStudioVersion = 10.0.40219.1
Project("{8BC9CEB8-8B4A-11D0-8D11-00A0C91BC942}") = "6603", "6603\6603.vcxproj", "{6D2B5A04-9405-4F35-BFEB-E9F7B95E6332}"
EndProject
Global
	GlobalSection(SolutionConfigurationPlatforms) = preSolution
		Debug|x64 = Debug|x64
		Debug|x86 = Debug|x86
		Release|x64 = Release|x64
		Release|x86 = Release|x86
	EndGlobalSection
	GlobalSection(ProjectConfigurationPlatforms) = postSolution
		{6D2B5A04-9405-4F35-BFEB-E9F7B95E6332}.Debug|x64.ActiveCfg = Debug|x64
		{6D2B5A04-9405-4F35-BFEB-E9F7B95E6332}.Debug|x64.Build.0 = Debug|x64
		{6D2B5A04-9405-4F35-BFEB-E9F7B95E6332}.Debug|x86.ActiveCfg = Debug|Win32
		{6D2B5A04-9405-4F35-BFEB-E9F7B95E6332}.Debug|x86.Build.0 = Debug|Win32
		{6D2B5A04-9405-4F35-BFEB-E9F7B95E6332}.Release|x64.ActiveCfg = Release|x64
		{6D2B5A04-9405-4F35-BFEB-E9F7B95E6332}.Release|x64.Build.0 = Release|x64
		{6D2B5A04-9405-4F35-BFEB-E9F7B95E6332}.Release|x86.ActiveCfg = Release|Win32
		{6D2B5A04-9405-4F35-BFEB-E9F7B95E6332}.Release|x86.Build.0 = Release|Win32
	EndGlobalSection
	GlobalSection(SolutionProperties) = preSolution
		HideSolutionNode = FALSE
	EndGlobalSection
	GlobalSection(ExtensibilityGlobals) = postSolution
		SolutionGuid = {AB997113-EF74-4DC7-9D87-7F15D3BF2E99}
	EndGlobalSection
EndGlobal
