
Microsoft Visual Studio Solution File, Format Version 12.00
# Visual Studio 15
VisualStudioVersion = 15.0.28010.2026
MinimumVisualStudioVersion = 10.0.40219.1
Project("{8BC9CEB8-8B4A-11D0-8D11-00A0C91BC942}") = "9655", "9655\9655.vcxproj", "{D74CE6EC-7B8A-44CF-B0A8-8032B17A95A3}"
EndProject
Global
	GlobalSection(SolutionConfigurationPlatforms) = preSolution
		Debug|x64 = Debug|x64
		Debug|x86 = Debug|x86
		Release|x64 = Release|x64
		Release|x86 = Release|x86
	EndGlobalSection
	GlobalSection(ProjectConfigurationPlatforms) = postSolution
		{D74CE6EC-7B8A-44CF-B0A8-8032B17A95A3}.Debug|x64.ActiveCfg = Debug|x64
		{D74CE6EC-7B8A-44CF-B0A8-8032B17A95A3}.Debug|x64.Build.0 = Debug|x64
		{D74CE6EC-7B8A-44CF-B0A8-8032B17A95A3}.Debug|x86.ActiveCfg = Debug|Win32
		{D74CE6EC-7B8A-44CF-B0A8-8032B17A95A3}.Debug|x86.Build.0 = Debug|Win32
		{D74CE6EC-7B8A-44CF-B0A8-8032B17A95A3}.Release|x64.ActiveCfg = Release|x64
		{D74CE6EC-7B8A-44CF-B0A8-8032B17A95A3}.Release|x64.Build.0 = Release|x64
		{D74CE6EC-7B8A-44CF-B0A8-8032B17A95A3}.Release|x86.ActiveCfg = Release|Win32
		{D74CE6EC-7B8A-44CF-B0A8-8032B17A95A3}.Release|x86.Build.0 = Release|Win32
	EndGlobalSection
	GlobalSection(SolutionProperties) = preSolution
		HideSolutionNode = FALSE
	EndGlobalSection
	GlobalSection(ExtensibilityGlobals) = postSolution
		SolutionGuid = {7831699C-0E35-40C1-B4EB-FA88F80809B4}
	EndGlobalSection
EndGlobal
